// !$*UTF8*$!
{
	archiveVersion = 1;
	classes = {
	};
	objectVersion = 56;
	objects = {

/* Begin PBXBuildFile section */
		CC1635482A8687E600227577 /* Landmark.swift in Sources */ = {isa = PBXBuildFile; fileRef = CC1635472A8687E600227577 /* Landmark.swift */; };
		CC16354A2A8689DD00227577 /* ModelData.swift in Sources */ = {isa = PBXBuildFile; fileRef = CC1635492A8689DD00227577 /* ModelData.swift */; };
		CC16354F2A868E4700227577 /* LandmarkRow.swift in Sources */ = {isa = PBXBuildFile; fileRef = CC16354E2A868E4700227577 /* LandmarkRow.swift */; };
		CC3DCC562A8E70580044743A /* BadgeSymbol.swift in Sources */ = {isa = PBXBuildFile; fileRef = CC3DCC552A8E70580044743A /* BadgeSymbol.swift */; };
		CC3DCC582A8E72170044743A /* RotatedBadgeView.swift in Sources */ = {isa = PBXBuildFile; fileRef = CC3DCC572A8E72170044743A /* RotatedBadgeView.swift */; };
		CC3DCC5A2A8E72D40044743A /* Badge.swift in Sources */ = {isa = PBXBuildFile; fileRef = CC3DCC592A8E72D40044743A /* Badge.swift */; };
		CC3DCC5D2A8E762C0044743A /* hikeData.json in Resources */ = {isa = PBXBuildFile; fileRef = CC3DCC5C2A8E762C0044743A /* hikeData.json */; };
		CC3DCC5F2A8E76470044743A /* Hike.swift in Sources */ = {isa = PBXBuildFile; fileRef = CC3DCC5E2A8E76470044743A /* Hike.swift */; };
		CC3DCC652A8E78A90044743A /* GraphCapsule.swift in Sources */ = {isa = PBXBuildFile; fileRef = CC3DCC612A8E78A90044743A /* GraphCapsule.swift */; };
		CC3DCC662A8E78A90044743A /* HikeGraph.swift in Sources */ = {isa = PBXBuildFile; fileRef = CC3DCC622A8E78A90044743A /* HikeGraph.swift */; };
		CC3DCC672A8E78A90044743A /* HikeDetail.swift in Sources */ = {isa = PBXBuildFile; fileRef = CC3DCC632A8E78A90044743A /* HikeDetail.swift */; };
		CC3DCC682A8E78A90044743A /* HikeView.swift in Sources */ = {isa = PBXBuildFile; fileRef = CC3DCC642A8E78A90044743A /* HikeView.swift */; };
		CC3DCC6B2A8E94840044743A /* CategoryHome.swift in Sources */ = {isa = PBXBuildFile; fileRef = CC3DCC6A2A8E94840044743A /* CategoryHome.swift */; };
		CC3DCC6D2A8E9AFB0044743A /* CategoryRow.swift in Sources */ = {isa = PBXBuildFile; fileRef = CC3DCC6C2A8E9AFB0044743A /* CategoryRow.swift */; };
		CC3DCC6F2A8EF9880044743A /* CategoryItem.swift in Sources */ = {isa = PBXBuildFile; fileRef = CC3DCC6E2A8EF9880044743A /* CategoryItem.swift */; };
		CC42B9502A86B86C0061EFF4 /* landmarkData.json in Resources */ = {isa = PBXBuildFile; fileRef = CC42B94F2A86B86C0061EFF4 /* landmarkData.json */; };
		CC42B9522A86BE340061EFF4 /* LandmarkList.swift in Sources */ = {isa = PBXBuildFile; fileRef = CC42B9512A86BE340061EFF4 /* LandmarkList.swift */; };
		CC42B9542A86BF610061EFF4 /* LandmarkDetail.swift in Sources */ = {isa = PBXBuildFile; fileRef = CC42B9532A86BF610061EFF4 /* LandmarkDetail.swift */; };
		CC42B9562A86D3100061EFF4 /* FavouriteButton.swift in Sources */ = {isa = PBXBuildFile; fileRef = CC42B9552A86D3100061EFF4 /* FavouriteButton.swift */; };
		CC42B95A2A8A80B90061EFF4 /* HexagonParameters.swift in Sources */ = {isa = PBXBuildFile; fileRef = CC42B9592A8A80B90061EFF4 /* HexagonParameters.swift */; };
		CC42B95C2A8A81F00061EFF4 /* BadgeBackground.swift in Sources */ = {isa = PBXBuildFile; fileRef = CC42B95B2A8A81F00061EFF4 /* BadgeBackground.swift */; };
		CC750C982A85503300DC43E9 /* LandmarksApp.swift in Sources */ = {isa = PBXBuildFile; fileRef = CC750C972A85503300DC43E9 /* LandmarksApp.swift */; };
		CC750C9A2A85503300DC43E9 /* ContentView.swift in Sources */ = {isa = PBXBuildFile; fileRef = CC750C992A85503300DC43E9 /* ContentView.swift */; };
		CC750C9C2A85503400DC43E9 /* Assets.xcassets in Resources */ = {isa = PBXBuildFile; fileRef = CC750C9B2A85503400DC43E9 /* Assets.xcassets */; };
		CC750C9F2A85503400DC43E9 /* Preview Assets.xcassets in Resources */ = {isa = PBXBuildFile; fileRef = CC750C9E2A85503400DC43E9 /* Preview Assets.xcassets */; };
		CC750CA12A85503400DC43E9 /* Persistence.swift in Sources */ = {isa = PBXBuildFile; fileRef = CC750CA02A85503400DC43E9 /* Persistence.swift */; };
		CC750CA42A85503400DC43E9 /* Landmarks.xcdatamodeld in Sources */ = {isa = PBXBuildFile; fileRef = CC750CA22A85503400DC43E9 /* Landmarks.xcdatamodeld */; };
		CC750CAE2A85503400DC43E9 /* LandmarksTests.swift in Sources */ = {isa = PBXBuildFile; fileRef = CC750CAD2A85503400DC43E9 /* LandmarksTests.swift */; };
		CC750CB82A85503400DC43E9 /* LandmarksUITests.swift in Sources */ = {isa = PBXBuildFile; fileRef = CC750CB72A85503400DC43E9 /* LandmarksUITests.swift */; };
		CC750CBA2A85503400DC43E9 /* LandmarksUITestsLaunchTests.swift in Sources */ = {isa = PBXBuildFile; fileRef = CC750CB92A85503400DC43E9 /* LandmarksUITestsLaunchTests.swift */; };
		CC750CC72A8559DD00DC43E9 /* CircleImage.swift in Sources */ = {isa = PBXBuildFile; fileRef = CC750CC62A8559DD00DC43E9 /* CircleImage.swift */; };
		CC750CC92A855B0200DC43E9 /* MapView.swift in Sources */ = {isa = PBXBuildFile; fileRef = CC750CC82A855B0200DC43E9 /* MapView.swift */; };
/* End PBXBuildFile section */

/* Begin PBXContainerItemProxy section */
		CC750CAA2A85503400DC43E9 /* PBXContainerItemProxy */ = {
			isa = PBXContainerItemProxy;
			containerPortal = CC750C8C2A85503200DC43E9 /* Project object */;
			proxyType = 1;
			remoteGlobalIDString = CC750C932A85503200DC43E9;
			remoteInfo = Landmarks;
		};
		CC750CB42A85503400DC43E9 /* PBXContainerItemProxy */ = {
			isa = PBXContainerItemProxy;
			containerPortal = CC750C8C2A85503200DC43E9 /* Project object */;
			proxyType = 1;
			remoteGlobalIDString = CC750C932A85503200DC43E9;
			remoteInfo = Landmarks;
		};
/* End PBXContainerItemProxy section */

/* Begin PBXFileReference section */
		CC1635472A8687E600227577 /* Landmark.swift */ = {isa = PBXFileReference; lastKnownFileType = sourcecode.swift; path = Landmark.swift; sourceTree = "<group>"; };
		CC1635492A8689DD00227577 /* ModelData.swift */ = {isa = PBXFileReference; lastKnownFileType = sourcecode.swift; path = ModelData.swift; sourceTree = "<group>"; };
		CC16354E2A868E4700227577 /* LandmarkRow.swift */ = {isa = PBXFileReference; lastKnownFileType = sourcecode.swift; path = LandmarkRow.swift; sourceTree = "<group>"; };
		CC3DCC552A8E70580044743A /* BadgeSymbol.swift */ = {isa = PBXFileReference; lastKnownFileType = sourcecode.swift; path = BadgeSymbol.swift; sourceTree = "<group>"; };
		CC3DCC572A8E72170044743A /* RotatedBadgeView.swift */ = {isa = PBXFileReference; lastKnownFileType = sourcecode.swift; path = RotatedBadgeView.swift; sourceTree = "<group>"; };
		CC3DCC592A8E72D40044743A /* Badge.swift */ = {isa = PBXFileReference; lastKnownFileType = sourcecode.swift; path = Badge.swift; sourceTree = "<group>"; };
		CC3DCC5C2A8E762C0044743A /* hikeData.json */ = {isa = PBXFileReference; fileEncoding = 4; lastKnownFileType = text.json; name = hikeData.json; path = Resources/hikeData.json; sourceTree = SOURCE_ROOT; };
		CC3DCC5E2A8E76470044743A /* Hike.swift */ = {isa = PBXFileReference; lastKnownFileType = sourcecode.swift; path = Hike.swift; sourceTree = "<group>"; };
		CC3DCC612A8E78A90044743A /* GraphCapsule.swift */ = {isa = PBXFileReference; fileEncoding = 4; lastKnownFileType = sourcecode.swift; path = GraphCapsule.swift; sourceTree = "<group>"; };
		CC3DCC622A8E78A90044743A /* HikeGraph.swift */ = {isa = PBXFileReference; fileEncoding = 4; lastKnownFileType = sourcecode.swift; path = HikeGraph.swift; sourceTree = "<group>"; };
		CC3DCC632A8E78A90044743A /* HikeDetail.swift */ = {isa = PBXFileReference; fileEncoding = 4; lastKnownFileType = sourcecode.swift; path = HikeDetail.swift; sourceTree = "<group>"; };
		CC3DCC642A8E78A90044743A /* HikeView.swift */ = {isa = PBXFileReference; fileEncoding = 4; lastKnownFileType = sourcecode.swift; path = HikeView.swift; sourceTree = "<group>"; };
		CC3DCC6A2A8E94840044743A /* CategoryHome.swift */ = {isa = PBXFileReference; lastKnownFileType = sourcecode.swift; path = CategoryHome.swift; sourceTree = "<group>"; };
		CC3DCC6C2A8E9AFB0044743A /* CategoryRow.swift */ = {isa = PBXFileReference; lastKnownFileType = sourcecode.swift; path = CategoryRow.swift; sourceTree = "<group>"; };
		CC3DCC6E2A8EF9880044743A /* CategoryItem.swift */ = {isa = PBXFileReference; lastKnownFileType = sourcecode.swift; path = CategoryItem.swift; sourceTree = "<group>"; };
		CC42B94F2A86B86C0061EFF4 /* landmarkData.json */ = {isa = PBXFileReference; fileEncoding = 4; lastKnownFileType = text.json; name = landmarkData.json; path = Resources/landmarkData.json; sourceTree = SOURCE_ROOT; };
		CC42B9512A86BE340061EFF4 /* LandmarkList.swift */ = {isa = PBXFileReference; lastKnownFileType = sourcecode.swift; path = LandmarkList.swift; sourceTree = "<group>"; };
		CC42B9532A86BF610061EFF4 /* LandmarkDetail.swift */ = {isa = PBXFileReference; lastKnownFileType = sourcecode.swift; path = LandmarkDetail.swift; sourceTree = "<group>"; };
		CC42B9552A86D3100061EFF4 /* FavouriteButton.swift */ = {isa = PBXFileReference; lastKnownFileType = sourcecode.swift; path = FavouriteButton.swift; sourceTree = "<group>"; };
		CC42B9592A8A80B90061EFF4 /* HexagonParameters.swift */ = {isa = PBXFileReference; lastKnownFileType = sourcecode.swift; path = HexagonParameters.swift; sourceTree = "<group>"; };
		CC42B95B2A8A81F00061EFF4 /* BadgeBackground.swift */ = {isa = PBXFileReference; lastKnownFileType = sourcecode.swift; path = BadgeBackground.swift; sourceTree = "<group>"; };
		CC750C942A85503300DC43E9 /* Landmarks.app */ = {isa = PBXFileReference; explicitFileType = wrapper.application; includeInIndex = 0; path = Landmarks.app; sourceTree = BUILT_PRODUCTS_DIR; };
		CC750C972A85503300DC43E9 /* LandmarksApp.swift */ = {isa = PBXFileReference; lastKnownFileType = sourcecode.swift; path = LandmarksApp.swift; sourceTree = "<group>"; };
		CC750C992A85503300DC43E9 /* ContentView.swift */ = {isa = PBXFileReference; lastKnownFileType = sourcecode.swift; path = ContentView.swift; sourceTree = "<group>"; };
		CC750C9B2A85503400DC43E9 /* Assets.xcassets */ = {isa = PBXFileReference; lastKnownFileType = folder.assetcatalog; path = Assets.xcassets; sourceTree = "<group>"; };
		CC750C9E2A85503400DC43E9 /* Preview Assets.xcassets */ = {isa = PBXFileReference; lastKnownFileType = folder.assetcatalog; path = "Preview Assets.xcassets"; sourceTree = "<group>"; };
		CC750CA02A85503400DC43E9 /* Persistence.swift */ = {isa = PBXFileReference; lastKnownFileType = sourcecode.swift; path = Persistence.swift; sourceTree = "<group>"; };
		CC750CA32A85503400DC43E9 /* Landmarks.xcdatamodel */ = {isa = PBXFileReference; lastKnownFileType = wrapper.xcdatamodel; path = Landmarks.xcdatamodel; sourceTree = "<group>"; };
		CC750CA92A85503400DC43E9 /* LandmarksTests.xctest */ = {isa = PBXFileReference; explicitFileType = wrapper.cfbundle; includeInIndex = 0; path = LandmarksTests.xctest; sourceTree = BUILT_PRODUCTS_DIR; };
		CC750CAD2A85503400DC43E9 /* LandmarksTests.swift */ = {isa = PBXFileReference; lastKnownFileType = sourcecode.swift; path = LandmarksTests.swift; sourceTree = "<group>"; };
		CC750CB32A85503400DC43E9 /* LandmarksUITests.xctest */ = {isa = PBXFileReference; explicitFileType = wrapper.cfbundle; includeInIndex = 0; path = LandmarksUITests.xctest; sourceTree = BUILT_PRODUCTS_DIR; };
		CC750CB72A85503400DC43E9 /* LandmarksUITests.swift */ = {isa = PBXFileReference; lastKnownFileType = sourcecode.swift; path = LandmarksUITests.swift; sourceTree = "<group>"; };
		CC750CB92A85503400DC43E9 /* LandmarksUITestsLaunchTests.swift */ = {isa = PBXFileReference; lastKnownFileType = sourcecode.swift; path = LandmarksUITestsLaunchTests.swift; sourceTree = "<group>"; };
		CC750CC62A8559DD00DC43E9 /* CircleImage.swift */ = {isa = PBXFileReference; lastKnownFileType = sourcecode.swift; path = CircleImage.swift; sourceTree = "<group>"; };
		CC750CC82A855B0200DC43E9 /* MapView.swift */ = {isa = PBXFileReference; lastKnownFileType = sourcecode.swift; path = MapView.swift; sourceTree = "<group>"; };
/* End PBXFileReference section */

/* Begin PBXFrameworksBuildPhase section */
		CC750C912A85503200DC43E9 /* Frameworks */ = {
			isa = PBXFrameworksBuildPhase;
			buildActionMask = 2147483647;
			files = (
			);
			runOnlyForDeploymentPostprocessing = 0;
		};
		CC750CA62A85503400DC43E9 /* Frameworks */ = {
			isa = PBXFrameworksBuildPhase;
			buildActionMask = 2147483647;
			files = (
			);
			runOnlyForDeploymentPostprocessing = 0;
		};
		CC750CB02A85503400DC43E9 /* Frameworks */ = {
			isa = PBXFrameworksBuildPhase;
			buildActionMask = 2147483647;
			files = (
			);
			runOnlyForDeploymentPostprocessing = 0;
		};
/* End PBXFrameworksBuildPhase section */

/* Begin PBXGroup section */
		CC16354B2A868C3D00227577 /* Views */ = {
			isa = PBXGroup;
			children = (
				CC3DCC692A8E94750044743A /* Categories */,
				CC3DCC602A8E78A90044743A /* Hikes */,
				CC42B9582A86D4060061EFF4 /* Helpers */,
				CC42B9572A86D3FA0061EFF4 /* Landmarks */,
				CC42B9592A8A80B90061EFF4 /* HexagonParameters.swift */,
				CC3DCC5B2A8E756C0044743A /* Badges */,
			);
			path = Views;
			sourceTree = "<group>";
		};
		CC16354D2A868C4F00227577 /* Model */ = {
			isa = PBXGroup;
			children = (
				CC1635472A8687E600227577 /* Landmark.swift */,
				CC3DCC5E2A8E76470044743A /* Hike.swift */,
				CC1635492A8689DD00227577 /* ModelData.swift */,
			);
			path = Model;
			sourceTree = "<group>";
		};
		CC3DCC5B2A8E756C0044743A /* Badges */ = {
			isa = PBXGroup;
			children = (
				CC750C992A85503300DC43E9 /* ContentView.swift */,
				CC42B95B2A8A81F00061EFF4 /* BadgeBackground.swift */,
				CC3DCC552A8E70580044743A /* BadgeSymbol.swift */,
				CC3DCC572A8E72170044743A /* RotatedBadgeView.swift */,
				CC3DCC592A8E72D40044743A /* Badge.swift */,
			);
			path = Badges;
			sourceTree = "<group>";
		};
		CC3DCC602A8E78A90044743A /* Hikes */ = {
			isa = PBXGroup;
			children = (
				CC3DCC612A8E78A90044743A /* GraphCapsule.swift */,
				CC3DCC622A8E78A90044743A /* HikeGraph.swift */,
				CC3DCC632A8E78A90044743A /* HikeDetail.swift */,
				CC3DCC642A8E78A90044743A /* HikeView.swift */,
			);
			path = Hikes;
			sourceTree = "<group>";
		};
		CC3DCC692A8E94750044743A /* Categories */ = {
			isa = PBXGroup;
			children = (
				CC3DCC6A2A8E94840044743A /* CategoryHome.swift */,
				CC3DCC6E2A8EF9880044743A /* CategoryItem.swift */,
				CC3DCC6C2A8E9AFB0044743A /* CategoryRow.swift */,
			);
			path = Categories;
			sourceTree = "<group>";
		};
		CC42B94E2A86B84F0061EFF4 /* Resources */ = {
			isa = PBXGroup;
			children = (
				CC3DCC5C2A8E762C0044743A /* hikeData.json */,
				CC42B94F2A86B86C0061EFF4 /* landmarkData.json */,
			);
			path = Resources;
			sourceTree = "<group>";
		};
		CC42B9572A86D3FA0061EFF4 /* Landmarks */ = {
			isa = PBXGroup;
			children = (
				CC16354E2A868E4700227577 /* LandmarkRow.swift */,
				CC42B9512A86BE340061EFF4 /* LandmarkList.swift */,
				CC42B9532A86BF610061EFF4 /* LandmarkDetail.swift */,
			);
			path = Landmarks;
			sourceTree = "<group>";
		};
		CC42B9582A86D4060061EFF4 /* Helpers */ = {
			isa = PBXGroup;
			children = (
				CC750CC62A8559DD00DC43E9 /* CircleImage.swift */,
				CC42B9552A86D3100061EFF4 /* FavouriteButton.swift */,
				CC750CC82A855B0200DC43E9 /* MapView.swift */,
			);
			path = Helpers;
			sourceTree = "<group>";
		};
		CC750C8B2A85503200DC43E9 = {
			isa = PBXGroup;
			children = (
				CC750C962A85503300DC43E9 /* Landmarks */,
				CC750CAC2A85503400DC43E9 /* LandmarksTests */,
				CC750CB62A85503400DC43E9 /* LandmarksUITests */,
				CC750C952A85503300DC43E9 /* Products */,
			);
			sourceTree = "<group>";
		};
		CC750C952A85503300DC43E9 /* Products */ = {
			isa = PBXGroup;
			children = (
				CC750C942A85503300DC43E9 /* Landmarks.app */,
				CC750CA92A85503400DC43E9 /* LandmarksTests.xctest */,
				CC750CB32A85503400DC43E9 /* LandmarksUITests.xctest */,
			);
			name = Products;
			sourceTree = "<group>";
		};
		CC750C962A85503300DC43E9 /* Landmarks */ = {
			isa = PBXGroup;
			children = (
				CC750C972A85503300DC43E9 /* LandmarksApp.swift */,
				CC42B94E2A86B84F0061EFF4 /* Resources */,
				CC16354D2A868C4F00227577 /* Model */,
				CC750C9B2A85503400DC43E9 /* Assets.xcassets */,
				CC16354B2A868C3D00227577 /* Views */,
				CC750CA02A85503400DC43E9 /* Persistence.swift */,
				CC750CA22A85503400DC43E9 /* Landmarks.xcdatamodeld */,
				CC750C9D2A85503400DC43E9 /* Preview Content */,
			);
			path = Landmarks;
			sourceTree = "<group>";
		};
		CC750C9D2A85503400DC43E9 /* Preview Content */ = {
			isa = PBXGroup;
			children = (
				CC750C9E2A85503400DC43E9 /* Preview Assets.xcassets */,
			);
			path = "Preview Content";
			sourceTree = "<group>";
		};
		CC750CAC2A85503400DC43E9 /* LandmarksTests */ = {
			isa = PBXGroup;
			children = (
				CC750CAD2A85503400DC43E9 /* LandmarksTests.swift */,
			);
			path = LandmarksTests;
			sourceTree = "<group>";
		};
		CC750CB62A85503400DC43E9 /* LandmarksUITests */ = {
			isa = PBXGroup;
			children = (
				CC750CB72A85503400DC43E9 /* LandmarksUITests.swift */,
				CC750CB92A85503400DC43E9 /* LandmarksUITestsLaunchTests.swift */,
			);
			path = LandmarksUITests;
			sourceTree = "<group>";
		};
/* End PBXGroup section */

/* Begin PBXNativeTarget section */
		CC750C932A85503200DC43E9 /* Landmarks */ = {
			isa = PBXNativeTarget;
			buildConfigurationList = CC750CBD2A85503400DC43E9 /* Build configuration list for PBXNativeTarget "Landmarks" */;
			buildPhases = (
				CC750C902A85503200DC43E9 /* Sources */,
				CC750C912A85503200DC43E9 /* Frameworks */,
				CC750C922A85503200DC43E9 /* Resources */,
			);
			buildRules = (
			);
			dependencies = (
			);
			name = Landmarks;
			productName = Landmarks;
			productReference = CC750C942A85503300DC43E9 /* Landmarks.app */;
			productType = "com.apple.product-type.application";
		};
		CC750CA82A85503400DC43E9 /* LandmarksTests */ = {
			isa = PBXNativeTarget;
			buildConfigurationList = CC750CC02A85503400DC43E9 /* Build configuration list for PBXNativeTarget "LandmarksTests" */;
			buildPhases = (
				CC750CA52A85503400DC43E9 /* Sources */,
				CC750CA62A85503400DC43E9 /* Frameworks */,
				CC750CA72A85503400DC43E9 /* Resources */,
			);
			buildRules = (
			);
			dependencies = (
				CC750CAB2A85503400DC43E9 /* PBXTargetDependency */,
			);
			name = LandmarksTests;
			productName = LandmarksTests;
			productReference = CC750CA92A85503400DC43E9 /* LandmarksTests.xctest */;
			productType = "com.apple.product-type.bundle.unit-test";
		};
		CC750CB22A85503400DC43E9 /* LandmarksUITests */ = {
			isa = PBXNativeTarget;
			buildConfigurationList = CC750CC32A85503400DC43E9 /* Build configuration list for PBXNativeTarget "LandmarksUITests" */;
			buildPhases = (
				CC750CAF2A85503400DC43E9 /* Sources */,
				CC750CB02A85503400DC43E9 /* Frameworks */,
				CC750CB12A85503400DC43E9 /* Resources */,
			);
			buildRules = (
			);
			dependencies = (
				CC750CB52A85503400DC43E9 /* PBXTargetDependency */,
			);
			name = LandmarksUITests;
			productName = LandmarksUITests;
			productReference = CC750CB32A85503400DC43E9 /* LandmarksUITests.xctest */;
			productType = "com.apple.product-type.bundle.ui-testing";
		};
/* End PBXNativeTarget section */

/* Begin PBXProject section */
		CC750C8C2A85503200DC43E9 /* Project object */ = {
			isa = PBXProject;
			attributes = {
				BuildIndependentTargetsInParallel = 1;
				LastSwiftUpdateCheck = 1430;
				LastUpgradeCheck = 1430;
				TargetAttributes = {
					CC750C932A85503200DC43E9 = {
						CreatedOnToolsVersion = 14.3.1;
					};
					CC750CA82A85503400DC43E9 = {
						CreatedOnToolsVersion = 14.3.1;
						TestTargetID = CC750C932A85503200DC43E9;
					};
					CC750CB22A85503400DC43E9 = {
						CreatedOnToolsVersion = 14.3.1;
						TestTargetID = CC750C932A85503200DC43E9;
					};
				};
			};
			buildConfigurationList = CC750C8F2A85503200DC43E9 /* Build configuration list for PBXProject "Landmarks" */;
			compatibilityVersion = "Xcode 14.0";
			developmentRegion = en;
			hasScannedForEncodings = 0;
			knownRegions = (
				en,
				Base,
			);
			mainGroup = CC750C8B2A85503200DC43E9;
			productRefGroup = CC750C952A85503300DC43E9 /* Products */;
			projectDirPath = "";
			projectRoot = "";
			targets = (
				CC750C932A85503200DC43E9 /* Landmarks */,
				CC750CA82A85503400DC43E9 /* LandmarksTests */,
				CC750CB22A85503400DC43E9 /* LandmarksUITests */,
			);
		};
/* End PBXProject section */

/* Begin PBXResourcesBuildPhase section */
		CC750C922A85503200DC43E9 /* Resources */ = {
			isa = PBXResourcesBuildPhase;
			buildActionMask = 2147483647;
			files = (
				CC3DCC5D2A8E762C0044743A /* hikeData.json in Resources */,
				CC750C9F2A85503400DC43E9 /* Preview Assets.xcassets in Resources */,
				CC750C9C2A85503400DC43E9 /* Assets.xcassets in Resources */,
				CC42B9502A86B86C0061EFF4 /* landmarkData.json in Resources */,
			);
			runOnlyForDeploymentPostprocessing = 0;
		};
		CC750CA72A85503400DC43E9 /* Resources */ = {
			isa = PBXResourcesBuildPhase;
			buildActionMask = 2147483647;
			files = (
			);
			runOnlyForDeploymentPostprocessing = 0;
		};
		CC750CB12A85503400DC43E9 /* Resources */ = {
			isa = PBXResourcesBuildPhase;
			buildActionMask = 2147483647;
			files = (
			);
			runOnlyForDeploymentPostprocessing = 0;
		};
/* End PBXResourcesBuildPhase section */

/* Begin PBXSourcesBuildPhase section */
		CC750C902A85503200DC43E9 /* Sources */ = {
			isa = PBXSourcesBuildPhase;
			buildActionMask = 2147483647;
			files = (
				CC1635482A8687E600227577 /* Landmark.swift in Sources */,
				CC3DCC5A2A8E72D40044743A /* Badge.swift in Sources */,
				CC750CA12A85503400DC43E9 /* Persistence.swift in Sources */,
				CC3DCC582A8E72170044743A /* RotatedBadgeView.swift in Sources */,
				CC750CC92A855B0200DC43E9 /* MapView.swift in Sources */,
				CC750C9A2A85503300DC43E9 /* ContentView.swift in Sources */,
				CC3DCC5F2A8E76470044743A /* Hike.swift in Sources */,
				CC750C982A85503300DC43E9 /* LandmarksApp.swift in Sources */,
				CC16354A2A8689DD00227577 /* ModelData.swift in Sources */,
				CC750CA42A85503400DC43E9 /* Landmarks.xcdatamodeld in Sources */,
				CC3DCC6D2A8E9AFB0044743A /* CategoryRow.swift in Sources */,
				CC750CC72A8559DD00DC43E9 /* CircleImage.swift in Sources */,
				CC3DCC672A8E78A90044743A /* HikeDetail.swift in Sources */,
				CC3DCC562A8E70580044743A /* BadgeSymbol.swift in Sources */,
				CC3DCC682A8E78A90044743A /* HikeView.swift in Sources */,
				CC16354F2A868E4700227577 /* LandmarkRow.swift in Sources */,
				CC3DCC662A8E78A90044743A /* HikeGraph.swift in Sources */,
				CC42B95C2A8A81F00061EFF4 /* BadgeBackground.swift in Sources */,
				CC3DCC6F2A8EF9880044743A /* CategoryItem.swift in Sources */,
				CC42B95A2A8A80B90061EFF4 /* HexagonParameters.swift in Sources */,
				CC42B9562A86D3100061EFF4 /* FavouriteButton.swift in Sources */,
				CC42B9522A86BE340061EFF4 /* LandmarkList.swift in Sources */,
				CC3DCC652A8E78A90044743A /* GraphCapsule.swift in Sources */,
				CC3DCC6B2A8E94840044743A /* CategoryHome.swift in Sources */,
				CC42B9542A86BF610061EFF4 /* LandmarkDetail.swift in Sources */,
			);
			runOnlyForDeploymentPostprocessing = 0;
		};
		CC750CA52A85503400DC43E9 /* Sources */ = {
			isa = PBXSourcesBuildPhase;
			buildActionMask = 2147483647;
			files = (
				CC750CAE2A85503400DC43E9 /* LandmarksTests.swift in Sources */,
			);
			runOnlyForDeploymentPostprocessing = 0;
		};
		CC750CAF2A85503400DC43E9 /* Sources */ = {
			isa = PBXSourcesBuildPhase;
			buildActionMask = 2147483647;
			files = (
				CC750CBA2A85503400DC43E9 /* LandmarksUITestsLaunchTests.swift in Sources */,
				CC750CB82A85503400DC43E9 /* LandmarksUITests.swift in Sources */,
			);
			runOnlyForDeploymentPostprocessing = 0;
		};
/* End PBXSourcesBuildPhase section */

/* Begin PBXTargetDependency section */
		CC750CAB2A85503400DC43E9 /* PBXTargetDependency */ = {
			isa = PBXTargetDependency;
			target = CC750C932A85503200DC43E9 /* Landmarks */;
			targetProxy = CC750CAA2A85503400DC43E9 /* PBXContainerItemProxy */;
		};
		CC750CB52A85503400DC43E9 /* PBXTargetDependency */ = {
			isa = PBXTargetDependency;
			target = CC750C932A85503200DC43E9 /* Landmarks */;
			targetProxy = CC750CB42A85503400DC43E9 /* PBXContainerItemProxy */;
		};
/* End PBXTargetDependency section */

/* Begin XCBuildConfiguration section */
		CC750CBB2A85503400DC43E9 /* Debug */ = {
			isa = XCBuildConfiguration;
			buildSettings = {
				ALWAYS_SEARCH_USER_PATHS = NO;
				CLANG_ANALYZER_NONNULL = YES;
				CLANG_ANALYZER_NUMBER_OBJECT_CONVERSION = YES_AGGRESSIVE;
				CLANG_CXX_LANGUAGE_STANDARD = "gnu++20";
				CLANG_ENABLE_MODULES = YES;
				CLANG_ENABLE_OBJC_ARC = YES;
				CLANG_ENABLE_OBJC_WEAK = YES;
				CLANG_WARN_BLOCK_CAPTURE_AUTORELEASING = YES;
				CLANG_WARN_BOOL_CONVERSION = YES;
				CLANG_WARN_COMMA = YES;
				CLANG_WARN_CONSTANT_CONVERSION = YES;
				CLANG_WARN_DEPRECATED_OBJC_IMPLEMENTATIONS = YES;
				CLANG_WARN_DIRECT_OBJC_ISA_USAGE = YES_ERROR;
				CLANG_WARN_DOCUMENTATION_COMMENTS = YES;
				CLANG_WARN_EMPTY_BODY = YES;
				CLANG_WARN_ENUM_CONVERSION = YES;
				CLANG_WARN_INFINITE_RECURSION = YES;
				CLANG_WARN_INT_CONVERSION = YES;
				CLANG_WARN_NON_LITERAL_NULL_CONVERSION = YES;
				CLANG_WARN_OBJC_IMPLICIT_RETAIN_SELF = YES;
				CLANG_WARN_OBJC_LITERAL_CONVERSION = YES;
				CLANG_WARN_OBJC_ROOT_CLASS = YES_ERROR;
				CLANG_WARN_QUOTED_INCLUDE_IN_FRAMEWORK_HEADER = YES;
				CLANG_WARN_RANGE_LOOP_ANALYSIS = YES;
				CLANG_WARN_STRICT_PROTOTYPES = YES;
				CLANG_WARN_SUSPICIOUS_MOVE = YES;
				CLANG_WARN_UNGUARDED_AVAILABILITY = YES_AGGRESSIVE;
				CLANG_WARN_UNREACHABLE_CODE = YES;
				CLANG_WARN__DUPLICATE_METHOD_MATCH = YES;
				COPY_PHASE_STRIP = NO;
				DEBUG_INFORMATION_FORMAT = dwarf;
				ENABLE_STRICT_OBJC_MSGSEND = YES;
				ENABLE_TESTABILITY = YES;
				GCC_C_LANGUAGE_STANDARD = gnu11;
				GCC_DYNAMIC_NO_PIC = NO;
				GCC_NO_COMMON_BLOCKS = YES;
				GCC_OPTIMIZATION_LEVEL = 0;
				GCC_PREPROCESSOR_DEFINITIONS = (
					"DEBUG=1",
					"$(inherited)",
				);
				GCC_WARN_64_TO_32_BIT_CONVERSION = YES;
				GCC_WARN_ABOUT_RETURN_TYPE = YES_ERROR;
				GCC_WARN_UNDECLARED_SELECTOR = YES;
				GCC_WARN_UNINITIALIZED_AUTOS = YES_AGGRESSIVE;
				GCC_WARN_UNUSED_FUNCTION = YES;
				GCC_WARN_UNUSED_VARIABLE = YES;
				IPHONEOS_DEPLOYMENT_TARGET = 16.4;
				MTL_ENABLE_DEBUG_INFO = INCLUDE_SOURCE;
				MTL_FAST_MATH = YES;
				ONLY_ACTIVE_ARCH = YES;
				SDKROOT = iphoneos;
				SWIFT_ACTIVE_COMPILATION_CONDITIONS = DEBUG;
				SWIFT_OPTIMIZATION_LEVEL = "-Onone";
			};
			name = Debug;
		};
		CC750CBC2A85503400DC43E9 /* Release */ = {
			isa = XCBuildConfiguration;
			buildSettings = {
				ALWAYS_SEARCH_USER_PATHS = NO;
				CLANG_ANALYZER_NONNULL = YES;
				CLANG_ANALYZER_NUMBER_OBJECT_CONVERSION = YES_AGGRESSIVE;
				CLANG_CXX_LANGUAGE_STANDARD = "gnu++20";
				CLANG_ENABLE_MODULES = YES;
				CLANG_ENABLE_OBJC_ARC = YES;
				CLANG_ENABLE_OBJC_WEAK = YES;
				CLANG_WARN_BLOCK_CAPTURE_AUTORELEASING = YES;
				CLANG_WARN_BOOL_CONVERSION = YES;
				CLANG_WARN_COMMA = YES;
				CLANG_WARN_CONSTANT_CONVERSION = YES;
				CLANG_WARN_DEPRECATED_OBJC_IMPLEMENTATIONS = YES;
				CLANG_WARN_DIRECT_OBJC_ISA_USAGE = YES_ERROR;
				CLANG_WARN_DOCUMENTATION_COMMENTS = YES;
				CLANG_WARN_EMPTY_BODY = YES;
				CLANG_WARN_ENUM_CONVERSION = YES;
				CLANG_WARN_INFINITE_RECURSION = YES;
				CLANG_WARN_INT_CONVERSION = YES;
				CLANG_WARN_NON_LITERAL_NULL_CONVERSION = YES;
				CLANG_WARN_OBJC_IMPLICIT_RETAIN_SELF = YES;
				CLANG_WARN_OBJC_LITERAL_CONVERSION = YES;
				CLANG_WARN_OBJC_ROOT_CLASS = YES_ERROR;
				CLANG_WARN_QUOTED_INCLUDE_IN_FRAMEWORK_HEADER = YES;
				CLANG_WARN_RANGE_LOOP_ANALYSIS = YES;
				CLANG_WARN_STRICT_PROTOTYPES = YES;
				CLANG_WARN_SUSPICIOUS_MOVE = YES;
				CLANG_WARN_UNGUARDED_AVAILABILITY = YES_AGGRESSIVE;
				CLANG_WARN_UNREACHABLE_CODE = YES;
				CLANG_WARN__DUPLICATE_METHOD_MATCH = YES;
				COPY_PHASE_STRIP = NO;
				DEBUG_INFORMATION_FORMAT = "dwarf-with-dsym";
				ENABLE_NS_ASSERTIONS = NO;
				ENABLE_STRICT_OBJC_MSGSEND = YES;
				GCC_C_LANGUAGE_STANDARD = gnu11;
				GCC_NO_COMMON_BLOCKS = YES;
				GCC_WARN_64_TO_32_BIT_CONVERSION = YES;
				GCC_WARN_ABOUT_RETURN_TYPE = YES_ERROR;
				GCC_WARN_UNDECLARED_SELECTOR = YES;
				GCC_WARN_UNINITIALIZED_AUTOS = YES_AGGRESSIVE;
				GCC_WARN_UNUSED_FUNCTION = YES;
				GCC_WARN_UNUSED_VARIABLE = YES;
				IPHONEOS_DEPLOYMENT_TARGET = 16.4;
				MTL_ENABLE_DEBUG_INFO = NO;
				MTL_FAST_MATH = YES;
				SDKROOT = iphoneos;
				SWIFT_COMPILATION_MODE = wholemodule;
				SWIFT_OPTIMIZATION_LEVEL = "-O";
				VALIDATE_PRODUCT = YES;
			};
			name = Release;
		};
		CC750CBE2A85503400DC43E9 /* Debug */ = {
			isa = XCBuildConfiguration;
			buildSettings = {
				ASSETCATALOG_COMPILER_APPICON_NAME = AppIcon;
				ASSETCATALOG_COMPILER_GLOBAL_ACCENT_COLOR_NAME = AccentColor;
				CODE_SIGN_STYLE = Automatic;
				CURRENT_PROJECT_VERSION = 1;
				DEVELOPMENT_ASSET_PATHS = "\"Landmarks/Preview Content\"";
				ENABLE_PREVIEWS = YES;
				GENERATE_INFOPLIST_FILE = YES;
				INFOPLIST_KEY_UIApplicationSceneManifest_Generation = YES;
				INFOPLIST_KEY_UIApplicationSupportsIndirectInputEvents = YES;
				INFOPLIST_KEY_UILaunchScreen_Generation = YES;
				INFOPLIST_KEY_UISupportedInterfaceOrientations_iPad = "UIInterfaceOrientationPortrait UIInterfaceOrientationPortraitUpsideDown UIInterfaceOrientationLandscapeLeft UIInterfaceOrientationLandscapeRight";
				INFOPLIST_KEY_UISupportedInterfaceOrientations_iPhone = "UIInterfaceOrientationPortrait UIInterfaceOrientationLandscapeLeft UIInterfaceOrientationLandscapeRight";
				LD_RUNPATH_SEARCH_PATHS = (
					"$(inherited)",
					"@executable_path/Frameworks",
				);
				MARKETING_VERSION = 1.0;
				PRODUCT_BUNDLE_IDENTIFIER = ryan.Landmarks;
				PRODUCT_NAME = "$(TARGET_NAME)";
				SWIFT_EMIT_LOC_STRINGS = YES;
				SWIFT_VERSION = 5.0;
				TARGETED_DEVICE_FAMILY = "1,2";
			};
			name = Debug;
		};
		CC750CBF2A85503400DC43E9 /* Release */ = {
			isa = XCBuildConfiguration;
			buildSettings = {
				ASSETCATALOG_COMPILER_APPICON_NAME = AppIcon;
				ASSETCATALOG_COMPILER_GLOBAL_ACCENT_COLOR_NAME = AccentColor;
				CODE_SIGN_STYLE = Automatic;
				CURRENT_PROJECT_VERSION = 1;
				DEVELOPMENT_ASSET_PATHS = "\"Landmarks/Preview Content\"";
				ENABLE_PREVIEWS = YES;
				GENERATE_INFOPLIST_FILE = YES;
				INFOPLIST_KEY_UIApplicationSceneManifest_Generation = YES;
				INFOPLIST_KEY_UIApplicationSupportsIndirectInputEvents = YES;
				INFOPLIST_KEY_UILaunchScreen_Generation = YES;
				INFOPLIST_KEY_UISupportedInterfaceOrientations_iPad = "UIInterfaceOrientationPortrait UIInterfaceOrientationPortraitUpsideDown UIInterfaceOrientationLandscapeLeft UIInterfaceOrientationLandscapeRight";
				INFOPLIST_KEY_UISupportedInterfaceOrientations_iPhone = "UIInterfaceOrientationPortrait UIInterfaceOrientationLandscapeLeft UIInterfaceOrientationLandscapeRight";
				LD_RUNPATH_SEARCH_PATHS = (
					"$(inherited)",
					"@executable_path/Frameworks",
				);
				MARKETING_VERSION = 1.0;
				PRODUCT_BUNDLE_IDENTIFIER = ryan.Landmarks;
				PRODUCT_NAME = "$(TARGET_NAME)";
				SWIFT_EMIT_LOC_STRINGS = YES;
				SWIFT_VERSION = 5.0;
				TARGETED_DEVICE_FAMILY = "1,2";
			};
			name = Release;
		};
		CC750CC12A85503400DC43E9 /* Debug */ = {
			isa = XCBuildConfiguration;
			buildSettings = {
				ALWAYS_EMBED_SWIFT_STANDARD_LIBRARIES = YES;
				BUNDLE_LOADER = "$(TEST_HOST)";
				CODE_SIGN_STYLE = Automatic;
				CURRENT_PROJECT_VERSION = 1;
				GENERATE_INFOPLIST_FILE = YES;
				IPHONEOS_DEPLOYMENT_TARGET = 16.4;
				MARKETING_VERSION = 1.0;
				PRODUCT_BUNDLE_IDENTIFIER = ryan.LandmarksTests;
				PRODUCT_NAME = "$(TARGET_NAME)";
				SWIFT_EMIT_LOC_STRINGS = NO;
				SWIFT_VERSION = 5.0;
				TARGETED_DEVICE_FAMILY = "1,2";
				TEST_HOST = "$(BUILT_PRODUCTS_DIR)/Landmarks.app/$(BUNDLE_EXECUTABLE_FOLDER_PATH)/Landmarks";
			};
			name = Debug;
		};
		CC750CC22A85503400DC43E9 /* Release */ = {
			isa = XCBuildConfiguration;
			buildSettings = {
				ALWAYS_EMBED_SWIFT_STANDARD_LIBRARIES = YES;
				BUNDLE_LOADER = "$(TEST_HOST)";
				CODE_SIGN_STYLE = Automatic;
				CURRENT_PROJECT_VERSION = 1;
				GENERATE_INFOPLIST_FILE = YES;
				IPHONEOS_DEPLOYMENT_TARGET = 16.4;
				MARKETING_VERSION = 1.0;
				PRODUCT_BUNDLE_IDENTIFIER = ryan.LandmarksTests;
				PRODUCT_NAME = "$(TARGET_NAME)";
				SWIFT_EMIT_LOC_STRINGS = NO;
				SWIFT_VERSION = 5.0;
				TARGETED_DEVICE_FAMILY = "1,2";
				TEST_HOST = "$(BUILT_PRODUCTS_DIR)/Landmarks.app/$(BUNDLE_EXECUTABLE_FOLDER_PATH)/Landmarks";
			};
			name = Release;
		};
		CC750CC42A85503400DC43E9 /* Debug */ = {
			isa = XCBuildConfiguration;
			buildSettings = {
				ALWAYS_EMBED_SWIFT_STANDARD_LIBRARIES = YES;
				CODE_SIGN_STYLE = Automatic;
				CURRENT_PROJECT_VERSION = 1;
				GENERATE_INFOPLIST_FILE = YES;
				MARKETING_VERSION = 1.0;
				PRODUCT_BUNDLE_IDENTIFIER = ryan.LandmarksUITests;
				PRODUCT_NAME = "$(TARGET_NAME)";
				SWIFT_EMIT_LOC_STRINGS = NO;
				SWIFT_VERSION = 5.0;
				TARGETED_DEVICE_FAMILY = "1,2";
				TEST_TARGET_NAME = Landmarks;
			};
			name = Debug;
		};
		CC750CC52A85503400DC43E9 /* Release */ = {
			isa = XCBuildConfiguration;
			buildSettings = {
				ALWAYS_EMBED_SWIFT_STANDARD_LIBRARIES = YES;
				CODE_SIGN_STYLE = Automatic;
				CURRENT_PROJECT_VERSION = 1;
				GENERATE_INFOPLIST_FILE = YES;
				MARKETING_VERSION = 1.0;
				PRODUCT_BUNDLE_IDENTIFIER = ryan.LandmarksUITests;
				PRODUCT_NAME = "$(TARGET_NAME)";
				SWIFT_EMIT_LOC_STRINGS = NO;
				SWIFT_VERSION = 5.0;
				TARGETED_DEVICE_FAMILY = "1,2";
				TEST_TARGET_NAME = Landmarks;
			};
			name = Release;
		};
/* End XCBuildConfiguration section */

/* Begin XCConfigurationList section */
		CC750C8F2A85503200DC43E9 /* Build configuration list for PBXProject "Landmarks" */ = {
			isa = XCConfigurationList;
			buildConfigurations = (
				CC750CBB2A85503400DC43E9 /* Debug */,
				CC750CBC2A85503400DC43E9 /* Release */,
			);
			defaultConfigurationIsVisible = 0;
			defaultConfigurationName = Release;
		};
		CC750CBD2A85503400DC43E9 /* Build configuration list for PBXNativeTarget "Landmarks" */ = {
			isa = XCConfigurationList;
			buildConfigurations = (
				CC750CBE2A85503400DC43E9 /* Debug */,
				CC750CBF2A85503400DC43E9 /* Release */,
			);
			defaultConfigurationIsVisible = 0;
			defaultConfigurationName = Release;
		};
		CC750CC02A85503400DC43E9 /* Build configuration list for PBXNativeTarget "LandmarksTests" */ = {
			isa = XCConfigurationList;
			buildConfigurations = (
				CC750CC12A85503400DC43E9 /* Debug */,
				CC750CC22A85503400DC43E9 /* Release */,
			);
			defaultConfigurationIsVisible = 0;
			defaultConfigurationName = Release;
		};
		CC750CC32A85503400DC43E9 /* Build configuration list for PBXNativeTarget "LandmarksUITests" */ = {
			isa = XCConfigurationList;
			buildConfigurations = (
				CC750CC42A85503400DC43E9 /* Debug */,
				CC750CC52A85503400DC43E9 /* Release */,
			);
			defaultConfigurationIsVisible = 0;
			defaultConfigurationName = Release;
		};
/* End XCConfigurationList section */

/* Begin XCVersionGroup section */
		CC750CA22A85503400DC43E9 /* Landmarks.xcdatamodeld */ = {
			isa = XCVersionGroup;
			children = (
				CC750CA32A85503400DC43E9 /* Landmarks.xcdatamodel */,
			);
			currentVersion = CC750CA32A85503400DC43E9 /* Landmarks.xcdatamodel */;
			path = Landmarks.xcdatamodeld;
			sourceTree = "<group>";
			versionGroupType = wrapper.xcdatamodel;
		};
/* End XCVersionGroup section */
	};
	rootObject = CC750C8C2A85503200DC43E9 /* Project object */;
}
